		// !$*UTF8*$!
{
	archiveVersion = 1;
	classes = {
	};
	objectVersion = 77;
	objects = {

/* Begin PBXBuildFile section */
		035C89E39BF58FEFCCCB558F /* DownloadView.swift in Sources */ = {isa = PBXBuildFile; fileRef = 690A950A6D50946865314A29 /* DownloadView.swift */; };
		15F3456C0A0EFE67B242C13D /* SettingsView.swift in Sources */ = {isa = PBXBuildFile; fileRef = 11FFD84AFD2B73D6E17D4806 /* SettingsView.swift */; };
		2DFFDB19E3269C672DF6AE74 /* CacheManager.swift in Sources */ = {isa = PBXBuildFile; fileRef = FE02A0EA6A38E76FCE173A2E /* CacheManager.swift */; };
		31AEE53B1206E3701E824F89 /* MainContentView.swift in Sources */ = {isa = PBXBuildFile; fileRef = FA69B773D34A8CA5FA8DE016 /* MainContentView.swift */; };
		3C61FBE850409C3551B03F94 /* DownloadQueueRow.swift in Sources */ = {isa = PBXBuildFile; fileRef = F7B96C78252116C21A39E34D /* DownloadQueueRow.swift */; };
		5CAEC69B81B8298FEF2A4620 /* Preview Assets.xcassets in Resources */ = {isa = PBXBuildFile; fileRef = 8A422858B966E7A0BB057752 /* Preview Assets.xcassets */; };
		701089D260F98DB501CDAEFB /* SidebarView.swift in Sources */ = {isa = PBXBuildFile; fileRef = 76AFE7FB1B2BE96890BE9855 /* SidebarView.swift */; };
		7089DA63EAF3540A3AFE9029 /* TikwmAPIError.swift in Sources */ = {isa = PBXBuildFile; fileRef = E4D5ADE5D39D6779B896B8BD /* TikwmAPIError.swift */; };
		8F388541F41AE2F2742233B5 /* TikwmModels.swift in Sources */ = {isa = PBXBuildFile; fileRef = 9851472D87AEF1F43561231D /* TikwmModels.swift */; };
		8FA45D2A2D1FC332FAF71E2B /* DownloadHistoryView.swift in Sources */ = {isa = PBXBuildFile; fileRef = F301DDC1A32836648E2F73D4 /* DownloadHistoryView.swift */; };
		8FC6DEDA5402633B3762405E /* DownloadViewModel.swift in Sources */ = {isa = PBXBuildFile; fileRef = 4A3C91FE1421BFE50C86816C /* DownloadViewModel.swift */; };
		9873A9E6FED81F2E241E4DB0 /* TikwmAPIClient.swift in Sources */ = {isa = PBXBuildFile; fileRef = C740FD54C1F41A62C348B3B2 /* TikwmAPIClient.swift */; };
		99E8F1192BB0A3693DCB2256 /* VideoPreviewCard.swift.backup in Resources */ = {isa = PBXBuildFile; fileRef = B2FF3EE5E0D815D3B4B38378 /* VideoPreviewCard.swift.backup */; };
		A923B4D126F1DA8200C2A3C1 /* TikSaveChime.wav in Resources */ = {isa = PBXBuildFile; fileRef = A923B4D026F1DA8200C2A3C1 /* TikSaveChime.wav */; };
		AB6D4F8E26F1E51200B8D9C3 /* fakhhhhhg.wav in Resources */ = {isa = PBXBuildFile; fileRef = AB6D4F8D26F1E51200B8D9C3 /* fakhhhhhg.wav */; };
		AB9C7EFD26F20C5A003F5A01 /* CustomSoundManager.swift in Sources */ = {isa = PBXBuildFile; fileRef = AB9C7EFC26F20C5A003F5A01 /* CustomSoundManager.swift */; };
		A2EBD5E3C99AE55DF8AE8530 /* VideoPreviewCard.swift in Sources */ = {isa = PBXBuildFile; fileRef = F60BA93F9D20467CCD834F94 /* VideoPreviewCard.swift */; };
		A6CD14849EB0885F0F9521B5 /* DownloadManager.swift in Sources */ = {isa = PBXBuildFile; fileRef = F87C82556AEB25B104DC76E7 /* DownloadManager.swift */; };
		B7BDA2D430E3639EBE4546CE /* StatPill.swift in Sources */ = {isa = PBXBuildFile; fileRef = 66B5A7F7DAAD657FA20C013C /* StatPill.swift */; };
		BEA329258EC780AC8C08BCE3 /* Assets.xcassets in Resources */ = {isa = PBXBuildFile; fileRef = 67B033D49FF85D3FF610F116 /* Assets.xcassets */; };
		C16987B9D27114967D278872 /* TikSaveApp.swift in Sources */ = {isa = PBXBuildFile; fileRef = 4A9C05248AB21DEC7D0B9456 /* TikSaveApp.swift */; };
		C3CD15C5A949EEAB8D7AE826 /* DownloadQueueRow.swift.backup in Resources */ = {isa = PBXBuildFile; fileRef = 637A078A2233E7643A70F36B /* DownloadQueueRow.swift.backup */; };
		CFCF46240B67F85E1368E76B /* TouchBarController.swift in Sources */ = {isa = PBXBuildFile; fileRef = A31FE36F99D6356EB0A50705 /* TouchBarController.swift */; };
		D5381ED4CE22E10B111D6EA8 /* ClipboardMonitor.swift in Sources */ = {isa = PBXBuildFile; fileRef = C5864FEAD88DC17A57C975AA /* ClipboardMonitor.swift */; };
		DD1100ABFC4E63E477E3EAD5 /* EmptyStateView.swift in Sources */ = {isa = PBXBuildFile; fileRef = F3B3CD33EAA8FD2318AF406D /* EmptyStateView.swift */; };
		FCB6725D28006EB3683BC9FD /* ContentView.swift in Sources */ = {isa = PBXBuildFile; fileRef = B1AB76379502ABCFD409B1E2 /* ContentView.swift */; };
/* End PBXBuildFile section */

/* Begin PBXFileReference section */
		11FFD84AFD2B73D6E17D4806 /* SettingsView.swift */ = {isa = PBXFileReference; lastKnownFileType = sourcecode.swift; path = SettingsView.swift; sourceTree = "<group>"; };
		4A3C91FE1421BFE50C86816C /* DownloadViewModel.swift */ = {isa = PBXFileReference; lastKnownFileType = sourcecode.swift; path = DownloadViewModel.swift; sourceTree = "<group>"; };
		4A9C05248AB21DEC7D0B9456 /* TikSaveApp.swift */ = {isa = PBXFileReference; lastKnownFileType = sourcecode.swift; path = TikSaveApp.swift; sourceTree = "<group>"; };
		637A078A2233E7643A70F36B /* DownloadQueueRow.swift.backup */ = {isa = PBXFileReference; path = DownloadQueueRow.swift.backup; sourceTree = "<group>"; };
		66B5A7F7DAAD657FA20C013C /* StatPill.swift */ = {isa = PBXFileReference; lastKnownFileType = sourcecode.swift; path = StatPill.swift; sourceTree = "<group>"; };
		67B033D49FF85D3FF610F116 /* Assets.xcassets */ = {isa = PBXFileReference; lastKnownFileType = folder.assetcatalog; path = Assets.xcassets; sourceTree = "<group>"; };
		690A950A6D50946865314A29 /* DownloadView.swift */ = {isa = PBXFileReference; lastKnownFileType = sourcecode.swift; path = DownloadView.swift; sourceTree = "<group>"; };
		727B48DD03E9FE2E2777E7C1 /* TikSave.app */ = {isa = PBXFileReference; explicitFileType = wrapper.application; includeInIndex = 0; path = TikSave.app; sourceTree = BUILT_PRODUCTS_DIR; };
		76AFE7FB1B2BE96890BE9855 /* SidebarView.swift */ = {isa = PBXFileReference; lastKnownFileType = sourcecode.swift; path = SidebarView.swift; sourceTree = "<group>"; };
		8A422858B966E7A0BB057752 /* Preview Assets.xcassets */ = {isa = PBXFileReference; lastKnownFileType = folder.assetcatalog; path = "Preview Assets.xcassets"; sourceTree = "<group>"; };
		9851472D87AEF1F43561231D /* TikwmModels.swift */ = {isa = PBXFileReference; lastKnownFileType = sourcecode.swift; path = TikwmModels.swift; sourceTree = "<group>"; };
		A31FE36F99D6356EB0A50705 /* TouchBarController.swift */ = {isa = PBXFileReference; lastKnownFileType = sourcecode.swift; path = TouchBarController.swift; sourceTree = "<group>"; };
		A923B4D026F1DA8200C2A3C1 /* TikSaveChime.wav */ = {isa = PBXFileReference; lastKnownFileType = audio.wav; path = TikSaveChime.wav; sourceTree = "<group>"; };
		AB6D4F8D26F1E51200B8D9C3 /* fakhhhhhg.wav */ = {isa = PBXFileReference; lastKnownFileType = audio.wav; path = fakhhhhhg.wav; sourceTree = "<group>"; };
		AB9C7EFC26F20C5A003F5A01 /* CustomSoundManager.swift */ = {isa = PBXFileReference; lastKnownFileType = sourcecode.swift; path = CustomSoundManager.swift; sourceTree = "<group>"; };
		B1AB76379502ABCFD409B1E2 /* ContentView.swift */ = {isa = PBXFileReference; lastKnownFileType = sourcecode.swift; path = ContentView.swift; sourceTree = "<group>"; };
		B2FF3EE5E0D815D3B4B38378 /* VideoPreviewCard.swift.backup */ = {isa = PBXFileReference; path = VideoPreviewCard.swift.backup; sourceTree = "<group>"; };
		C5864FEAD88DC17A57C975AA /* ClipboardMonitor.swift */ = {isa = PBXFileReference; lastKnownFileType = sourcecode.swift; path = ClipboardMonitor.swift; sourceTree = "<group>"; };
		C740FD54C1F41A62C348B3B2 /* TikwmAPIClient.swift */ = {isa = PBXFileReference; lastKnownFileType = sourcecode.swift; path = TikwmAPIClient.swift; sourceTree = "<group>"; };
		D46509081B22848AFC297D62 /* TikSave.entitlements */ = {isa = PBXFileReference; lastKnownFileType = text.plist.entitlements; path = TikSave.entitlements; sourceTree = "<group>"; };
		E4D5ADE5D39D6779B896B8BD /* TikwmAPIError.swift */ = {isa = PBXFileReference; lastKnownFileType = sourcecode.swift; path = TikwmAPIError.swift; sourceTree = "<group>"; };
		F301DDC1A32836648E2F73D4 /* DownloadHistoryView.swift */ = {isa = PBXFileReference; lastKnownFileType = sourcecode.swift; path = DownloadHistoryView.swift; sourceTree = "<group>"; };
		F3B3CD33EAA8FD2318AF406D /* EmptyStateView.swift */ = {isa = PBXFileReference; lastKnownFileType = sourcecode.swift; path = EmptyStateView.swift; sourceTree = "<group>"; };
		F60BA93F9D20467CCD834F94 /* VideoPreviewCard.swift */ = {isa = PBXFileReference; lastKnownFileType = sourcecode.swift; path = VideoPreviewCard.swift; sourceTree = "<group>"; };
		F7B96C78252116C21A39E34D /* DownloadQueueRow.swift */ = {isa = PBXFileReference; lastKnownFileType = sourcecode.swift; path = DownloadQueueRow.swift; sourceTree = "<group>"; };
		F87C82556AEB25B104DC76E7 /* DownloadManager.swift */ = {isa = PBXFileReference; lastKnownFileType = sourcecode.swift; path = DownloadManager.swift; sourceTree = "<group>"; };
		FA69B773D34A8CA5FA8DE016 /* MainContentView.swift */ = {isa = PBXFileReference; lastKnownFileType = sourcecode.swift; path = MainContentView.swift; sourceTree = "<group>"; };
		FE02A0EA6A38E76FCE173A2E /* CacheManager.swift */ = {isa = PBXFileReference; lastKnownFileType = sourcecode.swift; path = CacheManager.swift; sourceTree = "<group>"; };
/* End PBXFileReference section */

/* Begin PBXGroup section */
		149A60706C26CACE4BD43C05 = {
			isa = PBXGroup;
			children = (
				516544D4CBB2C9CC016D9B6A /* TikSave */,
				4DB0ADF8FC6B5D9A4F765FC3 /* Products */,
			);
			sourceTree = "<group>";
		};
		A9D23F4E26F1DA65002C3142 /* Resources */ = {
			isa = PBXGroup;
			children = (
				AB6D4F8D26F1E51200B8D9C3 /* fakhhhhhg.wav */,
				A923B4D026F1DA8200C2A3C1 /* TikSaveChime.wav */,
			);
			path = Resources;
			sourceTree = "<group>";
		};
		28F7839ADAC11C68647269BC /* TouchBar */ = {
			isa = PBXGroup;
			children = (
				A31FE36F99D6356EB0A50705 /* TouchBarController.swift */,
			);
			path = TouchBar;
			sourceTree = "<group>";
		};
		3DF90C747098E476F3BC7252 /* Preview Content */ = {
			isa = PBXGroup;
			children = (
				8A422858B966E7A0BB057752 /* Preview Assets.xcassets */,
			);
			path = "Preview Content";
			sourceTree = "<group>";
		};
		4DB0ADF8FC6B5D9A4F765FC3 /* Products */ = {
			isa = PBXGroup;
			children = (
				727B48DD03E9FE2E2777E7C1 /* TikSave.app */,
			);
			name = Products;
			sourceTree = "<group>";
		};
		516544D4CBB2C9CC016D9B6A /* TikSave */ = {
			isa = PBXGroup;
			children = (
				A9D23F4E26F1DA65002C3142 /* Resources */,
				67B033D49FF85D3FF610F116 /* Assets.xcassets */,
				B1AB76379502ABCFD409B1E2 /* ContentView.swift */,
				D46509081B22848AFC297D62 /* TikSave.entitlements */,
				4A9C05248AB21DEC7D0B9456 /* TikSaveApp.swift */,
				896E2308ABB765ADB5EC1CB2 /* Models */,
				3DF90C747098E476F3BC7252 /* Preview Content */,
				8556545994EE5A7C90F83B7D /* Services */,
				28F7839ADAC11C68647269BC /* TouchBar */,
				E217C47CFFEA1DC59620BAE9 /* ViewModels */,
				58F68CF6EEE87F18BC2C80F9 /* Views */,
			);
			path = TikSave;
			sourceTree = "<group>";
		};
		58F68CF6EEE87F18BC2C80F9 /* Views */ = {
			isa = PBXGroup;
			children = (
				F301DDC1A32836648E2F73D4 /* DownloadHistoryView.swift */,
				690A950A6D50946865314A29 /* DownloadView.swift */,
				FA69B773D34A8CA5FA8DE016 /* MainContentView.swift */,
				11FFD84AFD2B73D6E17D4806 /* SettingsView.swift */,
				76AFE7FB1B2BE96890BE9855 /* SidebarView.swift */,
				95BF149D69C583E2E7E15D79 /* Components */,
			);
			path = Views;
			sourceTree = "<group>";
		};
		8556545994EE5A7C90F83B7D /* Services */ = {
			isa = PBXGroup;
			children = (
				AB9C7EFC26F20C5A003F5A01 /* CustomSoundManager.swift */,
				FE02A0EA6A38E76FCE173A2E /* CacheManager.swift */,
				C5864FEAD88DC17A57C975AA /* ClipboardMonitor.swift */,
				F87C82556AEB25B104DC76E7 /* DownloadManager.swift */,
				C740FD54C1F41A62C348B3B2 /* TikwmAPIClient.swift */,
				E4D5ADE5D39D6779B896B8BD /* TikwmAPIError.swift */,
			);
			path = Services;
			sourceTree = "<group>";
		};
		896E2308ABB765ADB5EC1CB2 /* Models */ = {
			isa = PBXGroup;
			children = (
				9851472D87AEF1F43561231D /* TikwmModels.swift */,
			);
			path = Models;
			sourceTree = "<group>";
		};
		95BF149D69C583E2E7E15D79 /* Components */ = {
			isa = PBXGroup;
			children = (
				F7B96C78252116C21A39E34D /* DownloadQueueRow.swift */,
				637A078A2233E7643A70F36B /* DownloadQueueRow.swift.backup */,
				F3B3CD33EAA8FD2318AF406D /* EmptyStateView.swift */,
				66B5A7F7DAAD657FA20C013C /* StatPill.swift */,
				F60BA93F9D20467CCD834F94 /* VideoPreviewCard.swift */,
				B2FF3EE5E0D815D3B4B38378 /* VideoPreviewCard.swift.backup */,
			);
			path = Components;
			sourceTree = "<group>";
		};
		E217C47CFFEA1DC59620BAE9 /* ViewModels */ = {
			isa = PBXGroup;
			children = (
				4A3C91FE1421BFE50C86816C /* DownloadViewModel.swift */,
			);
			path = ViewModels;
			sourceTree = "<group>";
		};
/* End PBXGroup section */

/* Begin PBXNativeTarget section */
		7F455A9C119F7F0B8663BE2B /* TikSave */ = {
			isa = PBXNativeTarget;
			buildConfigurationList = B530298FB7AB276909F29FE0 /* Build configuration list for PBXNativeTarget "TikSave" */;
			buildPhases = (
				F7A64819B3ABE552ABD740A9 /* Sources */,
				44AC343AC8D78EED570E096D /* Resources */,
			);
			buildRules = (
			);
			dependencies = (
			);
			name = TikSave;
			packageProductDependencies = (
			);
			productName = TikSave;
			productReference = 727B48DD03E9FE2E2777E7C1 /* TikSave.app */;
			productType = "com.apple.product-type.application";
		};
/* End PBXNativeTarget section */

/* Begin PBXProject section */
		4A2152C6E4997B90EB3F5EF7 /* Project object */ = {
			isa = PBXProject;
			attributes = {
				BuildIndependentTargetsInParallel = YES;
				LastUpgradeCheck = 1430;
			};
			buildConfigurationList = 8C00FCCAB5C4BB74C1308805 /* Build configuration list for PBXProject "TikSave" */;
			compatibilityVersion = "Xcode 14.0";
			developmentRegion = en;
			hasScannedForEncodings = 0;
			knownRegions = (
				Base,
				en,
			);
			mainGroup = 149A60706C26CACE4BD43C05;
			minimizedProjectReferenceProxies = 1;
			preferredProjectObjectVersion = 77;
			projectDirPath = "";
			projectRoot = "";
			targets = (
				7F455A9C119F7F0B8663BE2B /* TikSave */,
			);
		};
/* End PBXProject section */

/* Begin PBXResourcesBuildPhase section */
		44AC343AC8D78EED570E096D /* Resources */ = {
			isa = PBXResourcesBuildPhase;
			buildActionMask = 2147483647;
			files = (
				AB6D4F8E26F1E51200B8D9C3 /* fakhhhhhg.wav in Resources */,
				A923B4D126F1DA8200C2A3C1 /* TikSaveChime.wav in Resources */,
				BEA329258EC780AC8C08BCE3 /* Assets.xcassets in Resources */,
				C3CD15C5A949EEAB8D7AE826 /* DownloadQueueRow.swift.backup in Resources */,
				5CAEC69B81B8298FEF2A4620 /* Preview Assets.xcassets in Resources */,
				99E8F1192BB0A3693DCB2256 /* VideoPreviewCard.swift.backup in Resources */,
			);
			runOnlyForDeploymentPostprocessing = 0;
		};
/* End PBXResourcesBuildPhase section */

/* Begin PBXSourcesBuildPhase section */
		F7A64819B3ABE552ABD740A9 /* Sources */ = {
			isa = PBXSourcesBuildPhase;
			buildActionMask = 2147483647;
			files = (
				AB9C7EFD26F20C5A003F5A01 /* CustomSoundManager.swift in Sources */,
				2DFFDB19E3269C672DF6AE74 /* CacheManager.swift in Sources */,
				D5381ED4CE22E10B111D6EA8 /* ClipboardMonitor.swift in Sources */,
				FCB6725D28006EB3683BC9FD /* ContentView.swift in Sources */,
				8FA45D2A2D1FC332FAF71E2B /* DownloadHistoryView.swift in Sources */,
				A6CD14849EB0885F0F9521B5 /* DownloadManager.swift in Sources */,
				3C61FBE850409C3551B03F94 /* DownloadQueueRow.swift in Sources */,
				035C89E39BF58FEFCCCB558F /* DownloadView.swift in Sources */,
				8FC6DEDA5402633B3762405E /* DownloadViewModel.swift in Sources */,
				DD1100ABFC4E63E477E3EAD5 /* EmptyStateView.swift in Sources */,
				31AEE53B1206E3701E824F89 /* MainContentView.swift in Sources */,
				15F3456C0A0EFE67B242C13D /* SettingsView.swift in Sources */,
				701089D260F98DB501CDAEFB /* SidebarView.swift in Sources */,
				B7BDA2D430E3639EBE4546CE /* StatPill.swift in Sources */,
				C16987B9D27114967D278872 /* TikSaveApp.swift in Sources */,
				9873A9E6FED81F2E241E4DB0 /* TikwmAPIClient.swift in Sources */,
				7089DA63EAF3540A3AFE9029 /* TikwmAPIError.swift in Sources */,
				8F388541F41AE2F2742233B5 /* TikwmModels.swift in Sources */,
				CFCF46240B67F85E1368E76B /* TouchBarController.swift in Sources */,
				A2EBD5E3C99AE55DF8AE8530 /* VideoPreviewCard.swift in Sources */,
			);
			runOnlyForDeploymentPostprocessing = 0;
		};
/* End PBXSourcesBuildPhase section */

/* Begin XCBuildConfiguration section */
		073066AA9653DB271BF94245 /* Debug */ = {
			isa = XCBuildConfiguration;
			buildSettings = {
				ASSETCATALOG_COMPILER_APPICON_NAME = AppIcon;
				ASSETCATALOG_COMPILER_GLOBAL_ACCENT_COLOR_NAME = AccentColor;
				CODE_SIGNING_ALLOWED = NO;
				COMBINE_HIDPI_IMAGES = YES;
				GENERATE_INFOPLIST_FILE = YES;
				INFOPLIST_KEY_CFBundleDisplayName = TikSave;
				INFOPLIST_KEY_LSApplicationCategoryType = "public.app-category.utilities";
				INFOPLIST_KEY_NSHumanReadableCopyright = "";
				LD_RUNPATH_SEARCH_PATHS = (
					"$(inherited)",
					"@executable_path/../Frameworks",
				);
				MACOSX_DEPLOYMENT_TARGET = 13.0;
				PRODUCT_BUNDLE_IDENTIFIER = com.tiksave.app;
				SDKROOT = macosx;
				SWIFT_ACTIVE_COMPILATION_CONDITIONS = DEBUG;
			};
			name = Debug;
		};
		203CB98B918A13425B4265DA /* Release */ = {
			isa = XCBuildConfiguration;
			buildSettings = {
				ASSETCATALOG_COMPILER_APPICON_NAME = AppIcon;
				ASSETCATALOG_COMPILER_GLOBAL_ACCENT_COLOR_NAME = AccentColor;
				CODE_SIGNING_ALLOWED = NO;
				COMBINE_HIDPI_IMAGES = YES;
				GENERATE_INFOPLIST_FILE = YES;
				INFOPLIST_KEY_CFBundleDisplayName = TikSave;
				INFOPLIST_KEY_LSApplicationCategoryType = "public.app-category.utilities";
				INFOPLIST_KEY_NSHumanReadableCopyright = "";
				LD_RUNPATH_SEARCH_PATHS = (
					"$(inherited)",
					"@executable_path/../Frameworks",
				);
				MACOSX_DEPLOYMENT_TARGET = 13.0;
				PRODUCT_BUNDLE_IDENTIFIER = com.tiksave.app;
				SDKROOT = macosx;
				SWIFT_ACTIVE_COMPILATION_CONDITIONS = DEBUG;
			};
			name = Release;
		};
		45FE99F0656F45FCAE2EA693 /* Release */ = {
			isa = XCBuildConfiguration;
			buildSettings = {
				ALWAYS_SEARCH_USER_PATHS = NO;
				CLANG_ANALYZER_NONNULL = YES;
				CLANG_ANALYZER_NUMBER_OBJECT_CONVERSION = YES_AGGRESSIVE;
				CLANG_CXX_LANGUAGE_STANDARD = "gnu++14";
				CLANG_CXX_LIBRARY = "libc++";
				CLANG_ENABLE_MODULES = YES;
				CLANG_ENABLE_OBJC_ARC = YES;
				CLANG_ENABLE_OBJC_WEAK = YES;
				CLANG_WARN_BLOCK_CAPTURE_AUTORELEASING = YES;
				CLANG_WARN_BOOL_CONVERSION = YES;
				CLANG_WARN_COMMA = YES;
				CLANG_WARN_CONSTANT_CONVERSION = YES;
				CLANG_WARN_DEPRECATED_OBJC_IMPLEMENTATIONS = YES;
				CLANG_WARN_DIRECT_OBJC_ISA_USAGE = YES_ERROR;
				CLANG_WARN_DOCUMENTATION_COMMENTS = YES;
				CLANG_WARN_EMPTY_BODY = YES;
				CLANG_WARN_ENUM_CONVERSION = YES;
				CLANG_WARN_INFINITE_RECURSION = YES;
				CLANG_WARN_INT_CONVERSION = YES;
				CLANG_WARN_NON_LITERAL_NULL_CONVERSION = YES;
				CLANG_WARN_OBJC_IMPLICIT_RETAIN_SELF = YES;
				CLANG_WARN_OBJC_LITERAL_CONVERSION = YES;
				CLANG_WARN_OBJC_ROOT_CLASS = YES_ERROR;
				CLANG_WARN_QUOTED_INCLUDE_IN_FRAMEWORK_HEADER = YES;
				CLANG_WARN_RANGE_LOOP_ANALYSIS = YES;
				CLANG_WARN_STRICT_PROTOTYPES = YES;
				CLANG_WARN_SUSPICIOUS_MOVE = YES;
				CLANG_WARN_UNGUARDED_AVAILABILITY = YES_AGGRESSIVE;
				CLANG_WARN_UNREACHABLE_CODE = YES;
				CLANG_WARN__DUPLICATE_METHOD_MATCH = YES;
				COPY_PHASE_STRIP = NO;
				DEBUG_INFORMATION_FORMAT = "dwarf-with-dsym";
				ENABLE_NS_ASSERTIONS = NO;
				ENABLE_STRICT_OBJC_MSGSEND = YES;
				GCC_C_LANGUAGE_STANDARD = gnu11;
				GCC_NO_COMMON_BLOCKS = YES;
				GCC_WARN_64_TO_32_BIT_CONVERSION = YES;
				GCC_WARN_ABOUT_RETURN_TYPE = YES_ERROR;
				GCC_WARN_UNDECLARED_SELECTOR = YES;
				GCC_WARN_UNINITIALIZED_AUTOS = YES_AGGRESSIVE;
				GCC_WARN_UNUSED_FUNCTION = YES;
				GCC_WARN_UNUSED_VARIABLE = YES;
				MTL_ENABLE_DEBUG_INFO = NO;
				MTL_FAST_MATH = YES;
				PRODUCT_NAME = "$(TARGET_NAME)";
				SDKROOT = macosx;
				SWIFT_COMPILATION_MODE = wholemodule;
				SWIFT_OPTIMIZATION_LEVEL = "-O";
				SWIFT_VERSION = 5.0;
			};
			name = Release;
		};
		DD8E7449E2ADD20E8034C00E /* Debug */ = {
			isa = XCBuildConfiguration;
			buildSettings = {
				ALWAYS_SEARCH_USER_PATHS = NO;
				CLANG_ANALYZER_NONNULL = YES;
				CLANG_ANALYZER_NUMBER_OBJECT_CONVERSION = YES_AGGRESSIVE;
				CLANG_CXX_LANGUAGE_STANDARD = "gnu++14";
				CLANG_CXX_LIBRARY = "libc++";
				CLANG_ENABLE_MODULES = YES;
				CLANG_ENABLE_OBJC_ARC = YES;
				CLANG_ENABLE_OBJC_WEAK = YES;
				CLANG_WARN_BLOCK_CAPTURE_AUTORELEASING = YES;
				CLANG_WARN_BOOL_CONVERSION = YES;
				CLANG_WARN_COMMA = YES;
				CLANG_WARN_CONSTANT_CONVERSION = YES;
				CLANG_WARN_DEPRECATED_OBJC_IMPLEMENTATIONS = YES;
				CLANG_WARN_DIRECT_OBJC_ISA_USAGE = YES_ERROR;
				CLANG_WARN_DOCUMENTATION_COMMENTS = YES;
				CLANG_WARN_EMPTY_BODY = YES;
				CLANG_WARN_ENUM_CONVERSION = YES;
				CLANG_WARN_INFINITE_RECURSION = YES;
				CLANG_WARN_INT_CONVERSION = YES;
				CLANG_WARN_NON_LITERAL_NULL_CONVERSION = YES;
				CLANG_WARN_OBJC_IMPLICIT_RETAIN_SELF = YES;
				CLANG_WARN_OBJC_LITERAL_CONVERSION = YES;
				CLANG_WARN_OBJC_ROOT_CLASS = YES_ERROR;
				CLANG_WARN_QUOTED_INCLUDE_IN_FRAMEWORK_HEADER = YES;
				CLANG_WARN_RANGE_LOOP_ANALYSIS = YES;
				CLANG_WARN_STRICT_PROTOTYPES = YES;
				CLANG_WARN_SUSPICIOUS_MOVE = YES;
				CLANG_WARN_UNGUARDED_AVAILABILITY = YES_AGGRESSIVE;
				CLANG_WARN_UNREACHABLE_CODE = YES;
				CLANG_WARN__DUPLICATE_METHOD_MATCH = YES;
				COPY_PHASE_STRIP = NO;
				DEBUG_INFORMATION_FORMAT = dwarf;
				ENABLE_STRICT_OBJC_MSGSEND = YES;
				ENABLE_TESTABILITY = YES;
				GCC_C_LANGUAGE_STANDARD = gnu11;
				GCC_DYNAMIC_NO_PIC = NO;
				GCC_NO_COMMON_BLOCKS = YES;
				GCC_OPTIMIZATION_LEVEL = 0;
				GCC_PREPROCESSOR_DEFINITIONS = (
					"$(inherited)",
					"DEBUG=1",
				);
				GCC_WARN_64_TO_32_BIT_CONVERSION = YES;
				GCC_WARN_ABOUT_RETURN_TYPE = YES_ERROR;
				GCC_WARN_UNDECLARED_SELECTOR = YES;
				GCC_WARN_UNINITIALIZED_AUTOS = YES_AGGRESSIVE;
				GCC_WARN_UNUSED_FUNCTION = YES;
				GCC_WARN_UNUSED_VARIABLE = YES;
				MTL_ENABLE_DEBUG_INFO = INCLUDE_SOURCE;
				MTL_FAST_MATH = YES;
				ONLY_ACTIVE_ARCH = YES;
				PRODUCT_NAME = "$(TARGET_NAME)";
				SDKROOT = macosx;
				SWIFT_ACTIVE_COMPILATION_CONDITIONS = DEBUG;
				SWIFT_OPTIMIZATION_LEVEL = "-Onone";
				SWIFT_VERSION = 5.0;
			};
			name = Debug;
		};
/* End XCBuildConfiguration section */

/* Begin XCConfigurationList section */
		8C00FCCAB5C4BB74C1308805 /* Build configuration list for PBXProject "TikSave" */ = {
			isa = XCConfigurationList;
			buildConfigurations = (
				DD8E7449E2ADD20E8034C00E /* Debug */,
				45FE99F0656F45FCAE2EA693 /* Release */,
			);
			defaultConfigurationIsVisible = 0;
			defaultConfigurationName = Debug;
		};
		B530298FB7AB276909F29FE0 /* Build configuration list for PBXNativeTarget "TikSave" */ = {
			isa = XCConfigurationList;
			buildConfigurations = (
				073066AA9653DB271BF94245 /* Debug */,
				203CB98B918A13425B4265DA /* Release */,
			);
			defaultConfigurationIsVisible = 0;
			defaultConfigurationName = Debug;
		};
/* End XCConfigurationList section */
	};
	rootObject = 4A2152C6E4997B90EB3F5EF7 /* Project object */;
}
